
Microsoft Visual Studio Solution File, Format Version 12.00
# Visual Studio Version 17
VisualStudioVersion = 17.11.35222.181
MinimumVisualStudioVersion = 10.0.40219.1
Project("{9A19103F-16F7-4668-BE54-9A1E7A4F7556}") = "LiquorStore", "LiquorStore\LiquorStore.csproj", "{C4B11CE0-3155-4DFD-BF7B-CC93F19F62DB}"
EndProject
Project("{9A19103F-16F7-4668-BE54-9A1E7A4F7556}") = "DomainModels", "DomainModels\DomainModels.csproj", "{A64C96F3-C9B7-41BD-8847-ED6324ED860C}"
EndProject
Project("{9A19103F-16F7-4668-BE54-9A1E7A4F7556}") = "DataAccess", "DataAccess\DataAccess.csproj", "{789093DB-CA2F-46DB-B574-9E585B559094}"
EndProject
Project("{9A19103F-16F7-4668-BE54-9A1E7A4F7556}") = "DTOs", "DTOs\DTOs.csproj", "{58431AF2-B5A3-4A9E-8BC2-C079C0432188}"
EndProject
Project("{9A19103F-16F7-4668-BE54-9A1E7A4F7556}") = "Mappers", "Mappers\Mappers.csproj", "{D4EC9061-ADAB-4B24-B881-B89B2F42E483}"
EndProject
Project("{9A19103F-16F7-4668-BE54-9A1E7A4F7556}") = "Services", "Services\Services.csproj", "{798A9BF1-9C7E-4330-828E-67D3113243DF}"
EndProject
Project("{FAE04EC0-301F-11D3-BF4B-00C04F79EFBC}") = "Shared", "Shared\Shared.csproj", "{FCE32C75-5503-4FCD-892D-41C97CFC9E23}"
EndProject
Project("{FAE04EC0-301F-11D3-BF4B-00C04F79EFBC}") = "xUnitTest", "xUnitTest\xUnitTest.csproj", "{A97DF087-8AD0-44A7-9433-7B168AD857B0}"
EndProject
Global
	GlobalSection(SolutionConfigurationPlatforms) = preSolution
		Debug|Any CPU = Debug|Any CPU
		Release|Any CPU = Release|Any CPU
	EndGlobalSection
	GlobalSection(ProjectConfigurationPlatforms) = postSolution
		{C4B11CE0-3155-4DFD-BF7B-CC93F19F62DB}.Debug|Any CPU.ActiveCfg = Debug|Any CPU
		{C4B11CE0-3155-4DFD-BF7B-CC93F19F62DB}.Debug|Any CPU.Build.0 = Debug|Any CPU
		{C4B11CE0-3155-4DFD-BF7B-CC93F19F62DB}.Release|Any CPU.ActiveCfg = Release|Any CPU
		{C4B11CE0-3155-4DFD-BF7B-CC93F19F62DB}.Release|Any CPU.Build.0 = Release|Any CPU
		{A64C96F3-C9B7-41BD-8847-ED6324ED860C}.Debug|Any CPU.ActiveCfg = Debug|Any CPU
		{A64C96F3-C9B7-41BD-8847-ED6324ED860C}.Debug|Any CPU.Build.0 = Debug|Any CPU
		{A64C96F3-C9B7-41BD-8847-ED6324ED860C}.Release|Any CPU.ActiveCfg = Release|Any CPU
		{A64C96F3-C9B7-41BD-8847-ED6324ED860C}.Release|Any CPU.Build.0 = Release|Any CPU
		{789093DB-CA2F-46DB-B574-9E585B559094}.Debug|Any CPU.ActiveCfg = Debug|Any CPU
		{789093DB-CA2F-46DB-B574-9E585B559094}.Debug|Any CPU.Build.0 = Debug|Any CPU
		{789093DB-CA2F-46DB-B574-9E585B559094}.Release|Any CPU.ActiveCfg = Release|Any CPU
		{789093DB-CA2F-46DB-B574-9E585B559094}.Release|Any CPU.Build.0 = Release|Any CPU
		{58431AF2-B5A3-4A9E-8BC2-C079C0432188}.Debug|Any CPU.ActiveCfg = Debug|Any CPU
		{58431AF2-B5A3-4A9E-8BC2-C079C0432188}.Debug|Any CPU.Build.0 = Debug|Any CPU
		{58431AF2-B5A3-4A9E-8BC2-C079C0432188}.Release|Any CPU.ActiveCfg = Release|Any CPU
		{58431AF2-B5A3-4A9E-8BC2-C079C0432188}.Release|Any CPU.Build.0 = Release|Any CPU
		{D4EC9061-ADAB-4B24-B881-B89B2F42E483}.Debug|Any CPU.ActiveCfg = Debug|Any CPU
		{D4EC9061-ADAB-4B24-B881-B89B2F42E483}.Debug|Any CPU.Build.0 = Debug|Any CPU
		{D4EC9061-ADAB-4B24-B881-B89B2F42E483}.Release|Any CPU.ActiveCfg = Release|Any CPU
		{D4EC9061-ADAB-4B24-B881-B89B2F42E483}.Release|Any CPU.Build.0 = Release|Any CPU
		{798A9BF1-9C7E-4330-828E-67D3113243DF}.Debug|Any CPU.ActiveCfg = Debug|Any CPU
		{798A9BF1-9C7E-4330-828E-67D3113243DF}.Debug|Any CPU.Build.0 = Debug|Any CPU
		{798A9BF1-9C7E-4330-828E-67D3113243DF}.Release|Any CPU.ActiveCfg = Release|Any CPU
		{798A9BF1-9C7E-4330-828E-67D3113243DF}.Release|Any CPU.Build.0 = Release|Any CPU
		{FCE32C75-5503-4FCD-892D-41C97CFC9E23}.Debug|Any CPU.ActiveCfg = Debug|Any CPU
		{FCE32C75-5503-4FCD-892D-41C97CFC9E23}.Debug|Any CPU.Build.0 = Debug|Any CPU
		{FCE32C75-5503-4FCD-892D-41C97CFC9E23}.Release|Any CPU.ActiveCfg = Release|Any CPU
		{FCE32C75-5503-4FCD-892D-41C97CFC9E23}.Release|Any CPU.Build.0 = Release|Any CPU
		{A97DF087-8AD0-44A7-9433-7B168AD857B0}.Debug|Any CPU.ActiveCfg = Debug|Any CPU
		{A97DF087-8AD0-44A7-9433-7B168AD857B0}.Debug|Any CPU.Build.0 = Debug|Any CPU
		{A97DF087-8AD0-44A7-9433-7B168AD857B0}.Release|Any CPU.ActiveCfg = Release|Any CPU
		{A97DF087-8AD0-44A7-9433-7B168AD857B0}.Release|Any CPU.Build.0 = Release|Any CPU
	EndGlobalSection
	GlobalSection(SolutionProperties) = preSolution
		HideSolutionNode = FALSE
	EndGlobalSection
	GlobalSection(ExtensibilityGlobals) = postSolution
		SolutionGuid = {BC683ABF-8239-4107-80EA-BD0C1257D92B}
	EndGlobalSection
EndGlobal
